
Microsoft Visual Studio Solution File, Format Version 12.00
# Visual Studio 14
VisualStudioVersion = 14.0.24720.0
MinimumVisualStudioVersion = 10.0.40219.1
Project("{FAE04EC0-301F-11D3-BF4B-00C04F79EFBC}") = "Task1", "Task1\Task1.csproj", "{6E534E81-B664-438C-8358-224AF25DB6CC}"
EndProject
Project("{FAE04EC0-301F-11D3-BF4B-00C04F79EFBC}") = "ConsoleUI", "ConsoleUI\ConsoleUI.csproj", "{AD217DB4-E305-4600-9BF9-BBE04A2DB49A}"
EndProject
Global
	GlobalSection(SolutionConfigurationPlatforms) = preSolution
		Debug|Any CPU = Debug|Any CPU
		Release|Any CPU = Release|Any CPU
	EndGlobalSection
	GlobalSection(ProjectConfigurationPlatforms) = postSolution
		{6E534E81-B664-438C-8358-224AF25DB6CC}.Debug|Any CPU.ActiveCfg = Debug|Any CPU
		{6E534E81-B664-438C-8358-224AF25DB6CC}.Debug|Any CPU.Build.0 = Debug|Any CPU
		{6E534E81-B664-438C-8358-224AF25DB6CC}.Release|Any CPU.ActiveCfg = Release|Any CPU
		{6E534E81-B664-438C-8358-224AF25DB6CC}.Release|Any CPU.Build.0 = Release|Any CPU
		{AD217DB4-E305-4600-9BF9-BBE04A2DB49A}.Debug|Any CPU.ActiveCfg = Debug|Any CPU
		{AD217DB4-E305-4600-9BF9-BBE04A2DB49A}.Debug|Any CPU.Build.0 = Debug|Any CPU
		{AD217DB4-E305-4600-9BF9-BBE04A2DB49A}.Release|Any CPU.ActiveCfg = Release|Any CPU
		{AD217DB4-E305-4600-9BF9-BBE04A2DB49A}.Release|Any CPU.Build.0 = Release|Any CPU
	EndGlobalSection
	GlobalSection(SolutionProperties) = preSolution
		HideSolutionNode = FALSE
	EndGlobalSection
EndGlobal
